
Microsoft Visual Studio Solution File, Format Version 12.00
# Visual Studio Version 17
VisualStudioVersion = 17.4.33103.184
MinimumVisualStudioVersion = 10.0.40219.1
Project("{9A19103F-16F7-4668-BE54-9A1E7A4F7556}") = "API", "API\API.csproj", "{CA709D57-3D6B-4FA8-B664-5272383D68F6}"
EndProject
Project("{9A19103F-16F7-4668-BE54-9A1E7A4F7556}") = "Shared", "Shared\Shared.csproj", "{7C8D3133-B256-4E93-887F-3B73A598DEB2}"
EndProject
Project("{2150E333-8FDC-42A3-9474-1A3956D46DE8}") = "Solution Items", "Solution Items", "{598264C3-FF80-4293-A713-763F97F99971}"
	ProjectSection(SolutionItems) = preProject
		.editorconfig = .editorconfig
		case.txt = case.txt
		Dokumentation.docx = Dokumentation.docx
		PostmanSignalRTesting.txt = PostmanSignalRTesting.txt
		ToDo.txt = ToDo.txt
	EndProjectSection
EndProject
Project("{9A19103F-16F7-4668-BE54-9A1E7A4F7556}") = "SharedImplementation", "SharedImplementation\SharedImplementation.csproj", "{FC0BBBFC-4757-4F49-B276-1A6D85A0B7EF}"
EndProject
Project("{9A19103F-16F7-4668-BE54-9A1E7A4F7556}") = "Domain", "Domain\Domain.csproj", "{D324C17C-0158-4911-A691-871B11F959D4}"
EndProject
Project("{9A19103F-16F7-4668-BE54-9A1E7A4F7556}") = "TestCases", "TestCases\TestCases.csproj", "{006B6CCE-D503-419F-9725-CFDB88B78E44}"
EndProject
Global
	GlobalSection(SolutionConfigurationPlatforms) = preSolution
		Debug|Any CPU = Debug|Any CPU
		Release|Any CPU = Release|Any CPU
	EndGlobalSection
	GlobalSection(ProjectConfigurationPlatforms) = postSolution
		{CA709D57-3D6B-4FA8-B664-5272383D68F6}.Debug|Any CPU.ActiveCfg = Debug|Any CPU
		{CA709D57-3D6B-4FA8-B664-5272383D68F6}.Debug|Any CPU.Build.0 = Debug|Any CPU
		{CA709D57-3D6B-4FA8-B664-5272383D68F6}.Release|Any CPU.ActiveCfg = Release|Any CPU
		{CA709D57-3D6B-4FA8-B664-5272383D68F6}.Release|Any CPU.Build.0 = Release|Any CPU
		{7C8D3133-B256-4E93-887F-3B73A598DEB2}.Debug|Any CPU.ActiveCfg = Debug|Any CPU
		{7C8D3133-B256-4E93-887F-3B73A598DEB2}.Debug|Any CPU.Build.0 = Debug|Any CPU
		{7C8D3133-B256-4E93-887F-3B73A598DEB2}.Release|Any CPU.ActiveCfg = Release|Any CPU
		{7C8D3133-B256-4E93-887F-3B73A598DEB2}.Release|Any CPU.Build.0 = Release|Any CPU
		{FC0BBBFC-4757-4F49-B276-1A6D85A0B7EF}.Debug|Any CPU.ActiveCfg = Debug|Any CPU
		{FC0BBBFC-4757-4F49-B276-1A6D85A0B7EF}.Debug|Any CPU.Build.0 = Debug|Any CPU
		{FC0BBBFC-4757-4F49-B276-1A6D85A0B7EF}.Release|Any CPU.ActiveCfg = Release|Any CPU
		{FC0BBBFC-4757-4F49-B276-1A6D85A0B7EF}.Release|Any CPU.Build.0 = Release|Any CPU
		{D324C17C-0158-4911-A691-871B11F959D4}.Debug|Any CPU.ActiveCfg = Debug|Any CPU
		{D324C17C-0158-4911-A691-871B11F959D4}.Debug|Any CPU.Build.0 = Debug|Any CPU
		{D324C17C-0158-4911-A691-871B11F959D4}.Release|Any CPU.ActiveCfg = Release|Any CPU
		{D324C17C-0158-4911-A691-871B11F959D4}.Release|Any CPU.Build.0 = Release|Any CPU
		{006B6CCE-D503-419F-9725-CFDB88B78E44}.Debug|Any CPU.ActiveCfg = Debug|Any CPU
		{006B6CCE-D503-419F-9725-CFDB88B78E44}.Debug|Any CPU.Build.0 = Debug|Any CPU
		{006B6CCE-D503-419F-9725-CFDB88B78E44}.Release|Any CPU.ActiveCfg = Release|Any CPU
		{006B6CCE-D503-419F-9725-CFDB88B78E44}.Release|Any CPU.Build.0 = Release|Any CPU
	EndGlobalSection
	GlobalSection(SolutionProperties) = preSolution
		HideSolutionNode = FALSE
	EndGlobalSection
	GlobalSection(ExtensibilityGlobals) = postSolution
		SolutionGuid = {807C2508-F980-4A5F-93F2-1020FD2CDCBB}
	EndGlobalSection
EndGlobal
